// !$*UTF8*$!
{
	archiveVersion = 1;
	classes = {
	};
	objectVersion = 46;
	objects = {

/* Begin PBXBuildFile section */
		F40419F41BA69EF20029FA91 /* CollectionFooterReusableView.m in Sources */ = {isa = PBXBuildFile; fileRef = F40419F21BA69EF20029FA91 /* CollectionFooterReusableView.m */; };
		F40419F51BA69EF20029FA91 /* CollectionFooterReusableView.xib in Resources */ = {isa = PBXBuildFile; fileRef = F40419F31BA69EF20029FA91 /* CollectionFooterReusableView.xib */; };
		F40419F91BA69F1B0029FA91 /* CollectionHeaderReusableView.m in Sources */ = {isa = PBXBuildFile; fileRef = F40419F71BA69F1B0029FA91 /* CollectionHeaderReusableView.m */; };
		F40419FA1BA69F1B0029FA91 /* CollectionHeaderReusableView.xib in Resources */ = {isa = PBXBuildFile; fileRef = F40419F81BA69F1B0029FA91 /* CollectionHeaderReusableView.xib */; };
		F4041A011BA6BC900029FA91 /* 003.jpg in Resources */ = {isa = PBXBuildFile; fileRef = F40419FE1BA6BC900029FA91 /* 003.jpg */; };
		F4041A021BA6BC900029FA91 /* checkbox_no.png in Resources */ = {isa = PBXBuildFile; fileRef = F40419FF1BA6BC900029FA91 /* checkbox_no.png */; };
		F4041A031BA6BC900029FA91 /* checkbox_yes.png in Resources */ = {isa = PBXBuildFile; fileRef = F4041A001BA6BC900029FA91 /* checkbox_yes.png */; };
		F4041A061BA6BD600029FA91 /* CollectionViewCell.m in Sources */ = {isa = PBXBuildFile; fileRef = F4041A051BA6BD600029FA91 /* CollectionViewCell.m */; };
		F4041A081BA6C0F80029FA91 /* 002.jpg in Resources */ = {isa = PBXBuildFile; fileRef = F4041A071BA6C0F80029FA91 /* 002.jpg */; };
		F47D99501B9C34AD00F7894B /* main.m in Sources */ = {isa = PBXBuildFile; fileRef = F47D994F1B9C34AD00F7894B /* main.m */; };
		F47D99531B9C34AD00F7894B /* AppDelegate.m in Sources */ = {isa = PBXBuildFile; fileRef = F47D99521B9C34AD00F7894B /* AppDelegate.m */; };
		F47D99591B9C34AD00F7894B /* Main.storyboard in Resources */ = {isa = PBXBuildFile; fileRef = F47D99571B9C34AD00F7894B /* Main.storyboard */; };
		F47D995B1B9C34AD00F7894B /* Images.xcassets in Resources */ = {isa = PBXBuildFile; fileRef = F47D995A1B9C34AD00F7894B /* Images.xcassets */; };
		F47D995E1B9C34AD00F7894B /* LaunchScreen.xib in Resources */ = {isa = PBXBuildFile; fileRef = F47D995C1B9C34AD00F7894B /* LaunchScreen.xib */; };
		F47D996A1B9C34AD00F7894B /* CollectionViewControllerDemoTests.m in Sources */ = {isa = PBXBuildFile; fileRef = F47D99691B9C34AD00F7894B /* CollectionViewControllerDemoTests.m */; };
		F47D99751B9C34F100F7894B /* CollectionViewController.m in Sources */ = {isa = PBXBuildFile; fileRef = F47D99741B9C34F100F7894B /* CollectionViewController.m */; };
/* End PBXBuildFile section */

/* Begin PBXContainerItemProxy section */
		F47D99641B9C34AD00F7894B /* PBXContainerItemProxy */ = {
			isa = PBXContainerItemProxy;
			containerPortal = F47D99421B9C34AD00F7894B /* Project object */;
			proxyType = 1;
			remoteGlobalIDString = F47D99491B9C34AD00F7894B;
			remoteInfo = CollectionViewControllerDemo;
		};
/* End PBXContainerItemProxy section */

/* Begin PBXFileReference section */
		F40419F11BA69EF20029FA91 /* CollectionFooterReusableView.h */ = {isa = PBXFileReference; fileEncoding = 4; lastKnownFileType = sourcecode.c.h; path = CollectionFooterReusableView.h; sourceTree = "<group>"; };
		F40419F21BA69EF20029FA91 /* CollectionFooterReusableView.m */ = {isa = PBXFileReference; fileEncoding = 4; lastKnownFileType = sourcecode.c.objc; path = CollectionFooterReusableView.m; sourceTree = "<group>"; };
		F40419F31BA69EF20029FA91 /* CollectionFooterReusableView.xib */ = {isa = PBXFileReference; fileEncoding = 4; lastKnownFileType = file.xib; path = CollectionFooterReusableView.xib; sourceTree = "<group>"; };
		F40419F61BA69F1B0029FA91 /* CollectionHeaderReusableView.h */ = {isa = PBXFileReference; fileEncoding = 4; lastKnownFileType = sourcecode.c.h; path = CollectionHeaderReusableView.h; sourceTree = "<group>"; };
		F40419F71BA69F1B0029FA91 /* CollectionHeaderReusableView.m */ = {isa = PBXFileReference; fileEncoding = 4; lastKnownFileType = sourcecode.c.objc; path = CollectionHeaderReusableView.m; sourceTree = "<group>"; };
		F40419F81BA69F1B0029FA91 /* CollectionHeaderReusableView.xib */ = {isa = PBXFileReference; fileEncoding = 4; lastKnownFileType = file.xib; path = CollectionHeaderReusableView.xib; sourceTree = "<group>"; };
		F40419FE1BA6BC900029FA91 /* 003.jpg */ = {isa = PBXFileReference; lastKnownFileType = image.jpeg; path = 003.jpg; sourceTree = "<group>"; };
		F40419FF1BA6BC900029FA91 /* checkbox_no.png */ = {isa = PBXFileReference; lastKnownFileType = image.png; path = checkbox_no.png; sourceTree = "<group>"; };
		F4041A001BA6BC900029FA91 /* checkbox_yes.png */ = {isa = PBXFileReference; lastKnownFileType = image.png; path = checkbox_yes.png; sourceTree = "<group>"; };
		F4041A041BA6BD600029FA91 /* CollectionViewCell.h */ = {isa = PBXFileReference; fileEncoding = 4; lastKnownFileType = sourcecode.c.h; path = CollectionViewCell.h; sourceTree = "<group>"; };
		F4041A051BA6BD600029FA91 /* CollectionViewCell.m */ = {isa = PBXFileReference; fileEncoding = 4; lastKnownFileType = sourcecode.c.objc; path = CollectionViewCell.m; sourceTree = "<group>"; };
		F4041A071BA6C0F80029FA91 /* 002.jpg */ = {isa = PBXFileReference; lastKnownFileType = image.jpeg; path = 002.jpg; sourceTree = "<group>"; };
		F47D994A1B9C34AD00F7894B /* CollectionViewControllerDemo.app */ = {isa = PBXFileReference; explicitFileType = wrapper.application; includeInIndex = 0; path = CollectionViewControllerDemo.app; sourceTree = BUILT_PRODUCTS_DIR; };
		F47D994E1B9C34AD00F7894B /* Info.plist */ = {isa = PBXFileReference; lastKnownFileType = text.plist.xml; path = Info.plist; sourceTree = "<group>"; };
		F47D994F1B9C34AD00F7894B /* main.m */ = {isa = PBXFileReference; lastKnownFileType = sourcecode.c.objc; path = main.m; sourceTree = "<group>"; };
		F47D99511B9C34AD00F7894B /* AppDelegate.h */ = {isa = PBXFileReference; lastKnownFileType = sourcecode.c.h; path = AppDelegate.h; sourceTree = "<group>"; };
		F47D99521B9C34AD00F7894B /* AppDelegate.m */ = {isa = PBXFileReference; lastKnownFileType = sourcecode.c.objc; path = AppDelegate.m; sourceTree = "<group>"; };
		F47D99581B9C34AD00F7894B /* Base */ = {isa = PBXFileReference; lastKnownFileType = file.storyboard; name = Base; path = Base.lproj/Main.storyboard; sourceTree = "<group>"; };
		F47D995A1B9C34AD00F7894B /* Images.xcassets */ = {isa = PBXFileReference; lastKnownFileType = folder.assetcatalog; path = Images.xcassets; sourceTree = "<group>"; };
		F47D995D1B9C34AD00F7894B /* Base */ = {isa = PBXFileReference; lastKnownFileType = file.xib; name = Base; path = Base.lproj/LaunchScreen.xib; sourceTree = "<group>"; };
		F47D99631B9C34AD00F7894B /* CollectionViewControllerDemoTests.xctest */ = {isa = PBXFileReference; explicitFileType = wrapper.cfbundle; includeInIndex = 0; path = CollectionViewControllerDemoTests.xctest; sourceTree = BUILT_PRODUCTS_DIR; };
		F47D99681B9C34AD00F7894B /* Info.plist */ = {isa = PBXFileReference; lastKnownFileType = text.plist.xml; path = Info.plist; sourceTree = "<group>"; };
		F47D99691B9C34AD00F7894B /* CollectionViewControllerDemoTests.m */ = {isa = PBXFileReference; lastKnownFileType = sourcecode.c.objc; path = CollectionViewControllerDemoTests.m; sourceTree = "<group>"; };
		F47D99731B9C34F100F7894B /* CollectionViewController.h */ = {isa = PBXFileReference; fileEncoding = 4; lastKnownFileType = sourcecode.c.h; path = CollectionViewController.h; sourceTree = "<group>"; };
		F47D99741B9C34F100F7894B /* CollectionViewController.m */ = {isa = PBXFileReference; fileEncoding = 4; lastKnownFileType = sourcecode.c.objc; path = CollectionViewController.m; sourceTree = "<group>"; };
/* End PBXFileReference section */

/* Begin PBXFrameworksBuildPhase section */
		F47D99471B9C34AD00F7894B /* Frameworks */ = {
			isa = PBXFrameworksBuildPhase;
			buildActionMask = 2147483647;
			files = (
			);
			runOnlyForDeploymentPostprocessing = 0;
		};
		F47D99601B9C34AD00F7894B /* Frameworks */ = {
			isa = PBXFrameworksBuildPhase;
			buildActionMask = 2147483647;
			files = (
			);
			runOnlyForDeploymentPostprocessing = 0;
		};
/* End PBXFrameworksBuildPhase section */

/* Begin PBXGroup section */
		F40419EE1BA670F10029FA91 /* HeaderAndFooter */ = {
			isa = PBXGroup;
			children = (
				F40419F11BA69EF20029FA91 /* CollectionFooterReusableView.h */,
				F40419F21BA69EF20029FA91 /* CollectionFooterReusableView.m */,
				F40419F31BA69EF20029FA91 /* CollectionFooterReusableView.xib */,
				F40419F61BA69F1B0029FA91 /* CollectionHeaderReusableView.h */,
				F40419F71BA69F1B0029FA91 /* CollectionHeaderReusableView.m */,
				F40419F81BA69F1B0029FA91 /* CollectionHeaderReusableView.xib */,
				F4041A041BA6BD600029FA91 /* CollectionViewCell.h */,
				F4041A051BA6BD600029FA91 /* CollectionViewCell.m */,
			);
			name = HeaderAndFooter;
			sourceTree = "<group>";
		};
		F40419FD1BA6BC900029FA91 /* Image */ = {
			isa = PBXGroup;
			children = (
				F4041A071BA6C0F80029FA91 /* 002.jpg */,
				F40419FE1BA6BC900029FA91 /* 003.jpg */,
				F40419FF1BA6BC900029FA91 /* checkbox_no.png */,
				F4041A001BA6BC900029FA91 /* checkbox_yes.png */,
			);
			path = Image;
			sourceTree = "<group>";
		};
		F47D99411B9C34AD00F7894B = {
			isa = PBXGroup;
			children = (
				F47D994C1B9C34AD00F7894B /* CollectionViewControllerDemo */,
				F47D99661B9C34AD00F7894B /* CollectionViewControllerDemoTests */,
				F47D994B1B9C34AD00F7894B /* Products */,
			);
			sourceTree = "<group>";
		};
		F47D994B1B9C34AD00F7894B /* Products */ = {
			isa = PBXGroup;
			children = (
				F47D994A1B9C34AD00F7894B /* CollectionViewControllerDemo.app */,
				F47D99631B9C34AD00F7894B /* CollectionViewControllerDemoTests.xctest */,
			);
			name = Products;
			sourceTree = "<group>";
		};
		F47D994C1B9C34AD00F7894B /* CollectionViewControllerDemo */ = {
			isa = PBXGroup;
			children = (
				F40419FD1BA6BC900029FA91 /* Image */,
				F40419EE1BA670F10029FA91 /* HeaderAndFooter */,
				F47D99511B9C34AD00F7894B /* AppDelegate.h */,
				F47D99521B9C34AD00F7894B /* AppDelegate.m */,
				F47D99731B9C34F100F7894B /* CollectionViewController.h */,
				F47D99741B9C34F100F7894B /* CollectionViewController.m */,
				F47D99571B9C34AD00F7894B /* Main.storyboard */,
				F47D995A1B9C34AD00F7894B /* Images.xcassets */,
				F47D995C1B9C34AD00F7894B /* LaunchScreen.xib */,
				F47D994D1B9C34AD00F7894B /* Supporting Files */,
			);
			path = CollectionViewControllerDemo;
			sourceTree = "<group>";
		};
		F47D994D1B9C34AD00F7894B /* Supporting Files */ = {
			isa = PBXGroup;
			children = (
				F47D994E1B9C34AD00F7894B /* Info.plist */,
				F47D994F1B9C34AD00F7894B /* main.m */,
			);
			name = "Supporting Files";
			sourceTree = "<group>";
		};
		F47D99661B9C34AD00F7894B /* CollectionViewControllerDemoTests */ = {
			isa = PBXGroup;
			children = (
				F47D99691B9C34AD00F7894B /* CollectionViewControllerDemoTests.m */,
				F47D99671B9C34AD00F7894B /* Supporting Files */,
			);
			path = CollectionViewControllerDemoTests;
			sourceTree = "<group>";
		};
		F47D99671B9C34AD00F7894B /* Supporting Files */ = {
			isa = PBXGroup;
			children = (
				F47D99681B9C34AD00F7894B /* Info.plist */,
			);
			name = "Supporting Files";
			sourceTree = "<group>";
		};
/* End PBXGroup section */

/* Begin PBXNativeTarget section */
		F47D99491B9C34AD00F7894B /* CollectionViewControllerDemo */ = {
			isa = PBXNativeTarget;
			buildConfigurationList = F47D996D1B9C34AD00F7894B /* Build configuration list for PBXNativeTarget "CollectionViewControllerDemo" */;
			buildPhases = (
				F47D99461B9C34AD00F7894B /* Sources */,
				F47D99471B9C34AD00F7894B /* Frameworks */,
				F47D99481B9C34AD00F7894B /* Resources */,
			);
			buildRules = (
			);
			dependencies = (
			);
			name = CollectionViewControllerDemo;
			productName = CollectionViewControllerDemo;
			productReference = F47D994A1B9C34AD00F7894B /* CollectionViewControllerDemo.app */;
			productType = "com.apple.product-type.application";
		};
		F47D99621B9C34AD00F7894B /* CollectionViewControllerDemoTests */ = {
			isa = PBXNativeTarget;
			buildConfigurationList = F47D99701B9C34AD00F7894B /* Build configuration list for PBXNativeTarget "CollectionViewControllerDemoTests" */;
			buildPhases = (
				F47D995F1B9C34AD00F7894B /* Sources */,
				F47D99601B9C34AD00F7894B /* Frameworks */,
				F47D99611B9C34AD00F7894B /* Resources */,
			);
			buildRules = (
			);
			dependencies = (
				F47D99651B9C34AD00F7894B /* PBXTargetDependency */,
			);
			name = CollectionViewControllerDemoTests;
			productName = CollectionViewControllerDemoTests;
			productReference = F47D99631B9C34AD00F7894B /* CollectionViewControllerDemoTests.xctest */;
			productType = "com.apple.product-type.bundle.unit-test";
		};
/* End PBXNativeTarget section */

/* Begin PBXProject section */
		F47D99421B9C34AD00F7894B /* Project object */ = {
			isa = PBXProject;
			attributes = {
				LastUpgradeCheck = 0640;
				ORGANIZATIONNAME = ZeluLi;
				TargetAttributes = {
					F47D99491B9C34AD00F7894B = {
						CreatedOnToolsVersion = 6.4;
					};
					F47D99621B9C34AD00F7894B = {
						CreatedOnToolsVersion = 6.4;
						TestTargetID = F47D99491B9C34AD00F7894B;
					};
				};
			};
			buildConfigurationList = F47D99451B9C34AD00F7894B /* Build configuration list for PBXProject "CollectionViewControllerDemo" */;
			compatibilityVersion = "Xcode 3.2";
			developmentRegion = English;
			hasScannedForEncodings = 0;
			knownRegions = (
				en,
				Base,
			);
			mainGroup = F47D99411B9C34AD00F7894B;
			productRefGroup = F47D994B1B9C34AD00F7894B /* Products */;
			projectDirPath = "";
			projectRoot = "";
			targets = (
				F47D99491B9C34AD00F7894B /* CollectionViewControllerDemo */,
				F47D99621B9C34AD00F7894B /* CollectionViewControllerDemoTests */,
			);
		};
/* End PBXProject section */

/* Begin PBXResourcesBuildPhase section */
		F47D99481B9C34AD00F7894B /* Resources */ = {
			isa = PBXResourcesBuildPhase;
			buildActionMask = 2147483647;
			files = (
				F40419FA1BA69F1B0029FA91 /* CollectionHeaderReusableView.xib in Resources */,
				F40419F51BA69EF20029FA91 /* CollectionFooterReusableView.xib in Resources */,
				F4041A031BA6BC900029FA91 /* checkbox_yes.png in Resources */,
				F47D99591B9C34AD00F7894B /* Main.storyboard in Resources */,
				F4041A021BA6BC900029FA91 /* checkbox_no.png in Resources */,
				F4041A011BA6BC900029FA91 /* 003.jpg in Resources */,
				F4041A081BA6C0F80029FA91 /* 002.jpg in Resources */,
				F47D995E1B9C34AD00F7894B /* LaunchScreen.xib in Resources */,
				F47D995B1B9C34AD00F7894B /* Images.xcassets in Resources */,
			);
			runOnlyForDeploymentPostprocessing = 0;
		};
		F47D99611B9C34AD00F7894B /* Resources */ = {
			isa = PBXResourcesBuildPhase;
			buildActionMask = 2147483647;
			files = (
			);
			runOnlyForDeploymentPostprocessing = 0;
		};
/* End PBXResourcesBuildPhase section */

/* Begin PBXSourcesBuildPhase section */
		F47D99461B9C34AD00F7894B /* Sources */ = {
			isa = PBXSourcesBuildPhase;
			buildActionMask = 2147483647;
			files = (
				F4041A061BA6BD600029FA91 /* CollectionViewCell.m in Sources */,
				F40419F41BA69EF20029FA91 /* CollectionFooterReusableView.m in Sources */,
				F47D99751B9C34F100F7894B /* CollectionViewController.m in Sources */,
				F40419F91BA69F1B0029FA91 /* CollectionHeaderReusableView.m in Sources */,
				F47D99531B9C34AD00F7894B /* AppDelegate.m in Sources */,
				F47D99501B9C34AD00F7894B /* main.m in Sources */,
			);
			runOnlyForDeploymentPostprocessing = 0;
		};
		F47D995F1B9C34AD00F7894B /* Sources */ = {
			isa = PBXSourcesBuildPhase;
			buildActionMask = 2147483647;
			files = (
				F47D996A1B9C34AD00F7894B /* CollectionViewControllerDemoTests.m in Sources */,
			);
			runOnlyForDeploymentPostprocessing = 0;
		};
/* End PBXSourcesBuildPhase section */

/* Begin PBXTargetDependency section */
		F47D99651B9C34AD00F7894B /* PBXTargetDependency */ = {
			isa = PBXTargetDependency;
			target = F47D99491B9C34AD00F7894B /* CollectionViewControllerDemo */;
			targetProxy = F47D99641B9C34AD00F7894B /* PBXContainerItemProxy */;
		};
/* End PBXTargetDependency section */

/* Begin PBXVariantGroup section */
		F47D99571B9C34AD00F7894B /* Main.storyboard */ = {
			isa = PBXVariantGroup;
			children = (
				F47D99581B9C34AD00F7894B /* Base */,
			);
			name = Main.storyboard;
			sourceTree = "<group>";
		};
		F47D995C1B9C34AD00F7894B /* LaunchScreen.xib */ = {
			isa = PBXVariantGroup;
			children = (
				F47D995D1B9C34AD00F7894B /* Base */,
			);
			name = LaunchScreen.xib;
			sourceTree = "<group>";
		};
/* End PBXVariantGroup section */

/* Begin XCBuildConfiguration section */
		F47D996B1B9C34AD00F7894B /* Debug */ = {
			isa = XCBuildConfiguration;
			buildSettings = {
				ALWAYS_SEARCH_USER_PATHS = NO;
				CLANG_CXX_LANGUAGE_STANDARD = "gnu++0x";
				CLANG_CXX_LIBRARY = "libc++";
				CLANG_ENABLE_MODULES = YES;
				CLANG_ENABLE_OBJC_ARC = YES;
				CLANG_WARN_BOOL_CONVERSION = YES;
				CLANG_WARN_CONSTANT_CONVERSION = YES;
				CLANG_WARN_DIRECT_OBJC_ISA_USAGE = YES_ERROR;
				CLANG_WARN_EMPTY_BODY = YES;
				CLANG_WARN_ENUM_CONVERSION = YES;
				CLANG_WARN_INT_CONVERSION = YES;
				CLANG_WARN_OBJC_ROOT_CLASS = YES_ERROR;
				CLANG_WARN_UNREACHABLE_CODE = YES;
				CLANG_WARN__DUPLICATE_METHOD_MATCH = YES;
				"CODE_SIGN_IDENTITY[sdk=iphoneos*]" = "iPhone Developer";
				COPY_PHASE_STRIP = NO;
				DEBUG_INFORMATION_FORMAT = "dwarf-with-dsym";
				ENABLE_STRICT_OBJC_MSGSEND = YES;
				GCC_C_LANGUAGE_STANDARD = gnu99;
				GCC_DYNAMIC_NO_PIC = NO;
				GCC_NO_COMMON_BLOCKS = YES;
				GCC_OPTIMIZATION_LEVEL = 0;
				GCC_PREPROCESSOR_DEFINITIONS = (
					"DEBUG=1",
					"$(inherited)",
				);
				GCC_SYMBOLS_PRIVATE_EXTERN = NO;
				GCC_WARN_64_TO_32_BIT_CONVERSION = YES;
				GCC_WARN_ABOUT_RETURN_TYPE = YES_ERROR;
				GCC_WARN_UNDECLARED_SELECTOR = YES;
				GCC_WARN_UNINITIALIZED_AUTOS = YES_AGGRESSIVE;
				GCC_WARN_UNUSED_FUNCTION = YES;
				GCC_WARN_UNUSED_VARIABLE = YES;
				IPHONEOS_DEPLOYMENT_TARGET = 8.4;
				MTL_ENABLE_DEBUG_INFO = YES;
				ONLY_ACTIVE_ARCH = YES;
				SDKROOT = iphoneos;
			};
			name = Debug;
		};
		F47D996C1B9C34AD00F7894B /* Release */ = {
			isa = XCBuildConfiguration;
			buildSettings = {
				ALWAYS_SEARCH_USER_PATHS = NO;
				CLANG_CXX_LANGUAGE_STANDARD = "gnu++0x";
				CLANG_CXX_LIBRARY = "libc++";
				CLANG_ENABLE_MODULES = YES;
				CLANG_ENABLE_OBJC_ARC = YES;
				CLANG_WARN_BOOL_CONVERSION = YES;
				CLANG_WARN_CONSTANT_CONVERSION = YES;
				CLANG_WARN_DIRECT_OBJC_ISA_USAGE = YES_ERROR;
				CLANG_WARN_EMPTY_BODY = YES;
				CLANG_WARN_ENUM_CONVERSION = YES;
				CLANG_WARN_INT_CONVERSION = YES;
				CLANG_WARN_OBJC_ROOT_CLASS = YES_ERROR;
				CLANG_WARN_UNREACHABLE_CODE = YES;
				CLANG_WARN__DUPLICATE_METHOD_MATCH = YES;
				"CODE_SIGN_IDENTITY[sdk=iphoneos*]" = "iPhone Developer";
				COPY_PHASE_STRIP = NO;
				DEBUG_INFORMATION_FORMAT = "dwarf-with-dsym";
				ENABLE_NS_ASSERTIONS = NO;
				ENABLE_STRICT_OBJC_MSGSEND = YES;
				GCC_C_LANGUAGE_STANDARD = gnu99;
				GCC_NO_COMMON_BLOCKS = YES;
				GCC_WARN_64_TO_32_BIT_CONVERSION = YES;
				GCC_WARN_ABOUT_RETURN_TYPE = YES_ERROR;
				GCC_WARN_UNDECLARED_SELECTOR = YES;
				GCC_WARN_UNINITIALIZED_AUTOS = YES_AGGRESSIVE;
				GCC_WARN_UNUSED_FUNCTION = YES;
				GCC_WARN_UNUSED_VARIABLE = YES;
				IPHONEOS_DEPLOYMENT_TARGET = 8.4;
				MTL_ENABLE_DEBUG_INFO = NO;
				SDKROOT = iphoneos;
				VALIDATE_PRODUCT = YES;
			};
			name = Release;
		};
		F47D996E1B9C34AD00F7894B /* Debug */ = {
			isa = XCBuildConfiguration;
			buildSettings = {
				ASSETCATALOG_COMPILER_APPICON_NAME = AppIcon;
				INFOPLIST_FILE = CollectionViewControllerDemo/Info.plist;
				LD_RUNPATH_SEARCH_PATHS = "$(inherited) @executable_path/Frameworks";
				PRODUCT_NAME = "$(TARGET_NAME)";
			};
			name = Debug;
		};
		F47D996F1B9C34AD00F7894B /* Release */ = {
			isa = XCBuildConfiguration;
			buildSettings = {
				ASSETCATALOG_COMPILER_APPICON_NAME = AppIcon;
				INFOPLIST_FILE = CollectionViewControllerDemo/Info.plist;
				LD_RUNPATH_SEARCH_PATHS = "$(inherited) @executable_path/Frameworks";
				PRODUCT_NAME = "$(TARGET_NAME)";
			};
			name = Release;
		};
		F47D99711B9C34AD00F7894B /* Debug */ = {
			isa = XCBuildConfiguration;
			buildSettings = {
				BUNDLE_LOADER = "$(TEST_HOST)";
				FRAMEWORK_SEARCH_PATHS = (
					"$(SDKROOT)/Developer/Library/Frameworks",
					"$(inherited)",
				);
				GCC_PREPROCESSOR_DEFINITIONS = (
					"DEBUG=1",
					"$(inherited)",
				);
				INFOPLIST_FILE = CollectionViewControllerDemoTests/Info.plist;
				LD_RUNPATH_SEARCH_PATHS = "$(inherited) @executable_path/Frameworks @loader_path/Frameworks";
				PRODUCT_NAME = "$(TARGET_NAME)";
				TEST_HOST = "$(BUILT_PRODUCTS_DIR)/CollectionViewControllerDemo.app/CollectionViewControllerDemo";
			};
			name = Debug;
		};
		F47D99721B9C34AD00F7894B /* Release */ = {
			isa = XCBuildConfiguration;
			buildSettings = {
				BUNDLE_LOADER = "$(TEST_HOST)";
				FRAMEWORK_SEARCH_PATHS = (
					"$(SDKROOT)/Developer/Library/Frameworks",
					"$(inherited)",
				);
				INFOPLIST_FILE = CollectionViewControllerDemoTests/Info.plist;
				LD_RUNPATH_SEARCH_PATHS = "$(inherited) @executable_path/Frameworks @loader_path/Frameworks";
				PRODUCT_NAME = "$(TARGET_NAME)";
				TEST_HOST = "$(BUILT_PRODUCTS_DIR)/CollectionViewControllerDemo.app/CollectionViewControllerDemo";
			};
			name = Release;
		};
/* End XCBuildConfiguration section */

/* Begin XCConfigurationList section */
		F47D99451B9C34AD00F7894B /* Build configuration list for PBXProject "CollectionViewControllerDemo" */ = {
			isa = XCConfigurationList;
			buildConfigurations = (
				F47D996B1B9C34AD00F7894B /* Debug */,
				F47D996C1B9C34AD00F7894B /* Release */,
			);
			defaultConfigurationIsVisible = 0;
			defaultConfigurationName = Release;
		};
		F47D996D1B9C34AD00F7894B /* Build configuration list for PBXNativeTarget "CollectionViewControllerDemo" */ = {
			isa = XCConfigurationList;
			buildConfigurations = (
				F47D996E1B9C34AD00F7894B /* Debug */,
				F47D996F1B9C34AD00F7894B /* Release */,
			);
			defaultConfigurationIsVisible = 0;
			defaultConfigurationName = Release;
		};
		F47D99701B9C34AD00F7894B /* Build configuration list for PBXNativeTarget "CollectionViewControllerDemoTests" */ = {
			isa = XCConfigurationList;
			buildConfigurations = (
				F47D99711B9C34AD00F7894B /* Debug */,
				F47D99721B9C34AD00F7894B /* Release */,
			);
			defaultConfigurationIsVisible = 0;
			defaultConfigurationName = Release;
		};
/* End XCConfigurationList section */
	};
	rootObject = F47D99421B9C34AD00F7894B /* Project object */;
}
